
Microsoft Visual Studio Solution File, Format Version 12.00
# Visual Studio Version 17
VisualStudioVersion = 17.7.34018.315
MinimumVisualStudioVersion = 10.0.40219.1
Project("{FAE04EC0-301F-11D3-BF4B-00C04F79EFBC}") = "inluppg2.3", "inluppg2.3\inluppg2.3.csproj", "{C2A022C2-8B8A-448F-BDE3-0150EC613455}"
EndProject
Global
	GlobalSection(SolutionConfigurationPlatforms) = preSolution
		Debug|Any CPU = Debug|Any CPU
		Release|Any CPU = Release|Any CPU
	EndGlobalSection
	GlobalSection(ProjectConfigurationPlatforms) = postSolution
		{C2A022C2-8B8A-448F-BDE3-0150EC613455}.Debug|Any CPU.ActiveCfg = Debug|Any CPU
		{C2A022C2-8B8A-448F-BDE3-0150EC613455}.Debug|Any CPU.Build.0 = Debug|Any CPU
		{C2A022C2-8B8A-448F-BDE3-0150EC613455}.Release|Any CPU.ActiveCfg = Release|Any CPU
		{C2A022C2-8B8A-448F-BDE3-0150EC613455}.Release|Any CPU.Build.0 = Release|Any CPU
	EndGlobalSection
	GlobalSection(SolutionProperties) = preSolution
		HideSolutionNode = FALSE
	EndGlobalSection
	GlobalSection(ExtensibilityGlobals) = postSolution
		SolutionGuid = {27A25089-303A-4F8E-A315-6F969A3967C7}
	EndGlobalSection
EndGlobal
